uuid: 49e8faac-2904-44c1-a600-47bc7e007d47
langcode: fr
status: true
dependencies:
  module:
    - block_field
    - paragraphs
id: paragraph.field_dsfr_p_block
field_name: field_dsfr_p_block
entity_type: paragraph
type: block_field
settings: {  }
module: block_field
locked: false
cardinality: 1
translatable: true
indexes: {  }
persist_with_no_fields: false
custom_storage: false
