uuid: 7346350d-dfc2-4c22-bc6b-f8f040dfd026
langcode: fr
status: true
dependencies:
  content:
    - 'file:file:0f64048c-9b65-42ff-b481-b386674c3c7a'
id: dsfr_block
label: 'Drupal blocks'
icon_uuid: 0f64048c-9b65-42ff-b481-b386674c3c7a
icon_default: 'data:image/svg+xml;base64,PHN2ZyB4bWxucz0iaHR0cDovL3d3dy53My5vcmcvMjAwMC9zdmciIHZpZXdCb3g9IjAgMCAyNCAyNCI+PHBhdGggZD0iTTcgNUM3IDIuNzkwODYgOC43OTA4NiAxIDExIDFDMTMuMjA5MSAxIDE1IDIuNzkwODYgMTUgNUgyMEMyMC41NTIzIDUgMjEgNS40NDc3MiAyMSA2VjEwLjE3MDdDMjEgMTAuNDk1MyAyMC44NDI0IDEwLjc5OTcgMjAuNTc3NCAxMC45ODcyQzIwLjMxMjMgMTEuMTc0NiAxOS45NzI4IDExLjIyMTcgMTkuNjY2OCAxMS4xMTM1QzE5LjQ1OTUgMTEuMDQwMyAxOS4yMzU1IDExIDE5IDExQzE3Ljg5NTQgMTEgMTcgMTEuODk1NCAxNyAxM0MxNyAxNC4xMDQ2IDE3Ljg5NTQgMTUgMTkgMTVDMTkuMjM1NSAxNSAxOS40NTk1IDE0Ljk1OTcgMTkuNjY2OCAxNC44ODY1QzE5Ljk3MjggMTQuNzc4MyAyMC4zMTIzIDE0LjgyNTQgMjAuNTc3NCAxNS4wMTI4QzIwLjg0MjQgMTUuMjAwMyAyMSAxNS41MDQ3IDIxIDE1LjgyOTNWMjBDMjEgMjAuNTUyMyAyMC41NTIzIDIxIDIwIDIxSDRDMy40NDc3MiAyMSAzIDIwLjU1MjMgMyAyMFY2QzMgNS40NDc3MiAzLjQ0NzcyIDUgNCA1SDdaTTExIDNDOS44OTU0MyAzIDkgMy44OTU0MyA5IDVDOSA1LjIzNTU0IDkuMDQwMyA1LjQ1OTUyIDkuMTEzNTUgNS42NjY3NUM5LjIyMTcyIDUuOTcyODIgOS4xNzQ2MSA2LjMxMjM1IDguOTg3MTggNi41NzczOUM4Ljc5OTc0IDYuODQyNDMgOC40OTUzMiA3IDguMTcwNzEgN0g1VjE5SDE5VjE3QzE2Ljc5MDkgMTcgMTUgMTUuMjA5MSAxNSAxM0MxNSAxMC43OTA5IDE2Ljc5MDkgOSAxOSA5VjdIMTMuODI5M0MxMy41MDQ3IDcgMTMuMjAwMyA2Ljg0MjQzIDEzLjAxMjggNi41NzczOUMxMi44MjU0IDYuMzEyMzUgMTIuNzc4MyA1Ljk3MjgyIDEyLjg4NjUgNS42NjY3NUMxMi45NTk3IDUuNDU5NTIgMTMgNS4yMzU1NSAxMyA1QzEzIDMuODk1NDMgMTIuMTA0NiAzIDExIDNaIj48L3BhdGg+PC9zdmc+'
description: 'Provides a field for adding custom block instances.'
behavior_plugins: {  }
