uuid: 7f4fd75b-0bb4-4044-8fc0-071637d5d00f
langcode: fr
status: true
dependencies:
  content:
    - 'file:file:edf5dec4-1847-4565-96fa-c207cb233c87'
id: dsfr_block
label: 'Drupal blocks'
icon_uuid: edf5dec4-1847-4565-96fa-c207cb233c87
icon_default: null
description: 'Provides a field for adding custom block instances.'
behavior_plugins: {  }
